
Microsoft Visual Studio Solution File, Format Version 12.00
# Visual Studio Version 17
VisualStudioVersion = 17.1.32407.343
MinimumVisualStudioVersion = 10.0.40219.1
Project("{FAE04EC0-301F-11D3-BF4B-00C04F79EFBC}") = "Unit4Lab1_MovieDatabase", "Unit3Lab3_MovieDatabase\Unit4Lab1_MovieDatabase.csproj", "{9AC130E9-2F42-4641-BA95-67E63E60178E}"
EndProject
Global
	GlobalSection(SolutionConfigurationPlatforms) = preSolution
		Debug|Any CPU = Debug|Any CPU
		Release|Any CPU = Release|Any CPU
	EndGlobalSection
	GlobalSection(ProjectConfigurationPlatforms) = postSolution
		{9AC130E9-2F42-4641-BA95-67E63E60178E}.Debug|Any CPU.ActiveCfg = Debug|Any CPU
		{9AC130E9-2F42-4641-BA95-67E63E60178E}.Debug|Any CPU.Build.0 = Debug|Any CPU
		{9AC130E9-2F42-4641-BA95-67E63E60178E}.Release|Any CPU.ActiveCfg = Release|Any CPU
		{9AC130E9-2F42-4641-BA95-67E63E60178E}.Release|Any CPU.Build.0 = Release|Any CPU
	EndGlobalSection
	GlobalSection(SolutionProperties) = preSolution
		HideSolutionNode = FALSE
	EndGlobalSection
	GlobalSection(ExtensibilityGlobals) = postSolution
		SolutionGuid = {755D6E8E-A224-411E-859C-4AC76341BAEC}
	EndGlobalSection
EndGlobal
